
Microsoft Visual Studio Solution File, Format Version 12.00
# Visual Studio Version 17
VisualStudioVersion = 17.14.36603.0 d17.14
MinimumVisualStudioVersion = 10.0.40219.1
Project("{FAE04EC0-301F-11D3-BF4B-00C04F79EFBC}") = "Practica 1", "Practica 1\Practica 1.csproj", "{169704B1-83E7-49E7-9E7B-D86A0EAA8E67}"
EndProject
Global
	GlobalSection(SolutionConfigurationPlatforms) = preSolution
		Debug|Any CPU = Debug|Any CPU
		Release|Any CPU = Release|Any CPU
	EndGlobalSection
	GlobalSection(ProjectConfigurationPlatforms) = postSolution
		{169704B1-83E7-49E7-9E7B-D86A0EAA8E67}.Debug|Any CPU.ActiveCfg = Debug|Any CPU
		{169704B1-83E7-49E7-9E7B-D86A0EAA8E67}.Debug|Any CPU.Build.0 = Debug|Any CPU
		{169704B1-83E7-49E7-9E7B-D86A0EAA8E67}.Release|Any CPU.ActiveCfg = Release|Any CPU
		{169704B1-83E7-49E7-9E7B-D86A0EAA8E67}.Release|Any CPU.Build.0 = Release|Any CPU
	EndGlobalSection
	GlobalSection(SolutionProperties) = preSolution
		HideSolutionNode = FALSE
	EndGlobalSection
	GlobalSection(ExtensibilityGlobals) = postSolution
		SolutionGuid = {08119EC8-B56B-4016-BE20-69E2262303D7}
	EndGlobalSection
EndGlobal
